
Microsoft Visual Studio Solution File, Format Version 12.00
# Visual Studio Version 17
VisualStudioVersion = 17.11.35222.181
MinimumVisualStudioVersion = 10.0.40219.1
Project("{9A19103F-16F7-4668-BE54-9A1E7A4F7556}") = "Cangjie.TypeSharp", "Cangjie.TypeSharp.csproj", "{D15286E2-A833-40DF-9C33-4CB988618F8A}"
EndProject
Global
	GlobalSection(SolutionConfigurationPlatforms) = preSolution
		Debug|Any CPU = Debug|Any CPU
		Debug|x64 = Debug|x64
		Release|Any CPU = Release|Any CPU
		Release|x64 = Release|x64
	EndGlobalSection
	GlobalSection(ProjectConfigurationPlatforms) = postSolution
		{D15286E2-A833-40DF-9C33-4CB988618F8A}.Debug|Any CPU.ActiveCfg = Debug|Any CPU
		{D15286E2-A833-40DF-9C33-4CB988618F8A}.Debug|Any CPU.Build.0 = Debug|Any CPU
		{D15286E2-A833-40DF-9C33-4CB988618F8A}.Debug|x64.ActiveCfg = Debug|Any CPU
		{D15286E2-A833-40DF-9C33-4CB988618F8A}.Debug|x64.Build.0 = Debug|Any CPU
		{D15286E2-A833-40DF-9C33-4CB988618F8A}.Release|Any CPU.ActiveCfg = Release|Any CPU
		{D15286E2-A833-40DF-9C33-4CB988618F8A}.Release|Any CPU.Build.0 = Release|Any CPU
		{D15286E2-A833-40DF-9C33-4CB988618F8A}.Release|x64.ActiveCfg = Release|Any CPU
		{D15286E2-A833-40DF-9C33-4CB988618F8A}.Release|x64.Build.0 = Release|Any CPU
	EndGlobalSection
	GlobalSection(SolutionProperties) = preSolution
		HideSolutionNode = FALSE
	EndGlobalSection
	GlobalSection(ExtensibilityGlobals) = postSolution
		SolutionGuid = {134E1C8E-FA85-4B1A-AF52-DF74D760DB2C}
	EndGlobalSection
EndGlobal
